// !$*UTF8*$!
{
	archiveVersion = 1;
	classes = {
	};
	objectVersion = 46;
	objects = {

/* Begin PBXBuildFile section */
		0911B1DC13DCB38300B1E511 /* Growl.framework in Frameworks */ = {isa = PBXBuildFile; fileRef = 0911B1DB13DCB38300B1E511 /* Growl.framework */; };
		0911B1E313DCB43200B1E511 /* Growl.framework in CopyFiles */ = {isa = PBXBuildFile; fileRef = 0911B1DB13DCB38300B1E511 /* Growl.framework */; };
		093C652113DCA0F30023FAE7 /* GPSAssistAppDelegate.m in Sources */ = {isa = PBXBuildFile; fileRef = 093C651B13DCA0F30023FAE7 /* GPSAssistAppDelegate.m */; };
		093C652213DCA0F30023FAE7 /* GPSAssistDataHandler.m in Sources */ = {isa = PBXBuildFile; fileRef = 093C651D13DCA0F30023FAE7 /* GPSAssistDataHandler.m */; };
		093C652813DCA1050023FAE7 /* Mount.m in Sources */ = {isa = PBXBuildFile; fileRef = 093C652513DCA1050023FAE7 /* Mount.m */; };
		093C652913DCA1050023FAE7 /* MountsHandler.m in Sources */ = {isa = PBXBuildFile; fileRef = 093C652713DCA1050023FAE7 /* MountsHandler.m */; };
		093C652E13DCA1730023FAE7 /* gps_small.png in Resources */ = {isa = PBXBuildFile; fileRef = 093C652B13DCA1730023FAE7 /* gps_small.png */; };
		093C652F13DCA1730023FAE7 /* gps.gif in Resources */ = {isa = PBXBuildFile; fileRef = 093C652C13DCA1730023FAE7 /* gps.gif */; };
		093C653013DCA1730023FAE7 /* icon.icns in Resources */ = {isa = PBXBuildFile; fileRef = 093C652D13DCA1730023FAE7 /* icon.icns */; };
		093C653213DCA1930023FAE7 /* Growl Registration Ticket.growlRegDict in Resources */ = {isa = PBXBuildFile; fileRef = 093C653113DCA1930023FAE7 /* Growl Registration Ticket.growlRegDict */; };
		09571CE513DC9DE90039286E /* Cocoa.framework in Frameworks */ = {isa = PBXBuildFile; fileRef = 09571CE413DC9DE90039286E /* Cocoa.framework */; };
		09571CEF13DC9DE90039286E /* InfoPlist.strings in Resources */ = {isa = PBXBuildFile; fileRef = 09571CED13DC9DE90039286E /* InfoPlist.strings */; };
		09571CF113DC9DE90039286E /* main.m in Sources */ = {isa = PBXBuildFile; fileRef = 09571CF013DC9DE90039286E /* main.m */; };
		09571CF513DC9DE90039286E /* Credits.rtf in Resources */ = {isa = PBXBuildFile; fileRef = 09571CF313DC9DE90039286E /* Credits.rtf */; };
		0964069413DCC91B003762C0 /* MainMenu.xib in Resources */ = {isa = PBXBuildFile; fileRef = 0964069613DCC91B003762C0 /* MainMenu.xib */; };
		0987203713E6C8B7001AEC08 /* Sparkle.framework in CopyFiles */ = {isa = PBXBuildFile; fileRef = 0987203613E6C8B7001AEC08 /* Sparkle.framework */; };
		09FFA50113E6F10500E861CE /* Sparkle.framework in Frameworks */ = {isa = PBXBuildFile; fileRef = 0987203613E6C8B7001AEC08 /* Sparkle.framework */; };
		09FFA50413E80E9F00E861CE /* dsa_pub.pem in Resources */ = {isa = PBXBuildFile; fileRef = 09FFA50313E80E9F00E861CE /* dsa_pub.pem */; };
		09FFA50A13E8196F00E861CE /* dmg_background.png in Resources */ = {isa = PBXBuildFile; fileRef = 09FFA50613E8196F00E861CE /* dmg_background.png */; };
		09FFA50B13E8196F00E861CE /* Rakefile in Resources */ = {isa = PBXBuildFile; fileRef = 09FFA50713E8196F00E861CE /* Rakefile */; };
		09FFA50C13E8196F00E861CE /* release_notes_template.html.erb in Resources */ = {isa = PBXBuildFile; fileRef = 09FFA50813E8196F00E861CE /* release_notes_template.html.erb */; };
		09FFA50D13E8196F00E861CE /* release_notes.txt in Resources */ = {isa = PBXBuildFile; fileRef = 09FFA50913E8196F00E861CE /* release_notes.txt */; };
/* End PBXBuildFile section */

/* Begin PBXCopyFilesBuildPhase section */
		0911B1E213DCB40900B1E511 /* CopyFiles */ = {
			isa = PBXCopyFilesBuildPhase;
			buildActionMask = 12;
			dstPath = "";
			dstSubfolderSpec = 10;
			files = (
				0987203713E6C8B7001AEC08 /* Sparkle.framework in CopyFiles */,
				0911B1E313DCB43200B1E511 /* Growl.framework in CopyFiles */,
			);
			runOnlyForDeploymentPostprocessing = 0;
		};
/* End PBXCopyFilesBuildPhase section */

/* Begin PBXFileReference section */
		0911B1DB13DCB38300B1E511 /* Growl.framework */ = {isa = PBXFileReference; lastKnownFileType = wrapper.framework; name = Growl.framework; path = "Growl-1.2.1-Framework/Growl.framework"; sourceTree = "<group>"; };
		093C651A13DCA0F30023FAE7 /* GPSAssistAppDelegate.h */ = {isa = PBXFileReference; fileEncoding = 4; lastKnownFileType = sourcecode.c.h; path = GPSAssistAppDelegate.h; sourceTree = "<group>"; };
		093C651B13DCA0F30023FAE7 /* GPSAssistAppDelegate.m */ = {isa = PBXFileReference; fileEncoding = 4; lastKnownFileType = sourcecode.c.objc; path = GPSAssistAppDelegate.m; sourceTree = "<group>"; };
		093C651C13DCA0F30023FAE7 /* GPSAssistDataHandler.h */ = {isa = PBXFileReference; fileEncoding = 4; lastKnownFileType = sourcecode.c.h; path = GPSAssistDataHandler.h; sourceTree = "<group>"; };
		093C651D13DCA0F30023FAE7 /* GPSAssistDataHandler.m */ = {isa = PBXFileReference; fileEncoding = 4; lastKnownFileType = sourcecode.c.objc; path = GPSAssistDataHandler.m; sourceTree = "<group>"; };
		093C651E13DCA0F30023FAE7 /* GPSAssistDataHandlerDelegate.h */ = {isa = PBXFileReference; fileEncoding = 4; lastKnownFileType = sourcecode.c.h; path = GPSAssistDataHandlerDelegate.h; sourceTree = "<group>"; };
		093C652413DCA1050023FAE7 /* Mount.h */ = {isa = PBXFileReference; fileEncoding = 4; lastKnownFileType = sourcecode.c.h; path = Mount.h; sourceTree = "<group>"; };
		093C652513DCA1050023FAE7 /* Mount.m */ = {isa = PBXFileReference; fileEncoding = 4; lastKnownFileType = sourcecode.c.objc; path = Mount.m; sourceTree = "<group>"; };
		093C652613DCA1050023FAE7 /* MountsHandler.h */ = {isa = PBXFileReference; fileEncoding = 4; lastKnownFileType = sourcecode.c.h; path = MountsHandler.h; sourceTree = "<group>"; };
		093C652713DCA1050023FAE7 /* MountsHandler.m */ = {isa = PBXFileReference; fileEncoding = 4; lastKnownFileType = sourcecode.c.objc; path = MountsHandler.m; sourceTree = "<group>"; };
		093C652B13DCA1730023FAE7 /* gps_small.png */ = {isa = PBXFileReference; lastKnownFileType = image.png; path = gps_small.png; sourceTree = "<group>"; };
		093C652C13DCA1730023FAE7 /* gps.gif */ = {isa = PBXFileReference; lastKnownFileType = image.gif; path = gps.gif; sourceTree = "<group>"; };
		093C652D13DCA1730023FAE7 /* icon.icns */ = {isa = PBXFileReference; lastKnownFileType = image.icns; path = icon.icns; sourceTree = "<group>"; };
		093C653113DCA1930023FAE7 /* Growl Registration Ticket.growlRegDict */ = {isa = PBXFileReference; fileEncoding = 4; lastKnownFileType = text.xml; path = "Growl Registration Ticket.growlRegDict"; sourceTree = "<group>"; };
		09571CE013DC9DE90039286E /* GPS Assist Updater.app */ = {isa = PBXFileReference; explicitFileType = wrapper.application; includeInIndex = 0; path = "GPS Assist Updater.app"; sourceTree = BUILT_PRODUCTS_DIR; };
		09571CE413DC9DE90039286E /* Cocoa.framework */ = {isa = PBXFileReference; lastKnownFileType = wrapper.framework; name = Cocoa.framework; path = System/Library/Frameworks/Cocoa.framework; sourceTree = SDKROOT; };
		09571CE713DC9DE90039286E /* AppKit.framework */ = {isa = PBXFileReference; lastKnownFileType = wrapper.framework; name = AppKit.framework; path = System/Library/Frameworks/AppKit.framework; sourceTree = SDKROOT; };
		09571CE813DC9DE90039286E /* CoreData.framework */ = {isa = PBXFileReference; lastKnownFileType = wrapper.framework; name = CoreData.framework; path = System/Library/Frameworks/CoreData.framework; sourceTree = SDKROOT; };
		09571CE913DC9DE90039286E /* Foundation.framework */ = {isa = PBXFileReference; lastKnownFileType = wrapper.framework; name = Foundation.framework; path = System/Library/Frameworks/Foundation.framework; sourceTree = SDKROOT; };
		09571CEC13DC9DE90039286E /* GPS Assist Updater-Info.plist */ = {isa = PBXFileReference; lastKnownFileType = text.plist.xml; path = "GPS Assist Updater-Info.plist"; sourceTree = "<group>"; };
		09571CEE13DC9DE90039286E /* en */ = {isa = PBXFileReference; lastKnownFileType = text.plist.strings; name = en; path = en.lproj/InfoPlist.strings; sourceTree = "<group>"; };
		09571CF013DC9DE90039286E /* main.m */ = {isa = PBXFileReference; lastKnownFileType = sourcecode.c.objc; path = main.m; sourceTree = "<group>"; };
		09571CF213DC9DE90039286E /* GPS Assist Updater-Prefix.pch */ = {isa = PBXFileReference; lastKnownFileType = sourcecode.c.h; path = "GPS Assist Updater-Prefix.pch"; sourceTree = "<group>"; };
		09571CF413DC9DE90039286E /* en */ = {isa = PBXFileReference; lastKnownFileType = text.rtf; name = en; path = en.lproj/Credits.rtf; sourceTree = "<group>"; };
		0964069513DCC91B003762C0 /* en */ = {isa = PBXFileReference; lastKnownFileType = file.xib; name = en; path = en.lproj/MainMenu.xib; sourceTree = "<group>"; };
		0987203613E6C8B7001AEC08 /* Sparkle.framework */ = {isa = PBXFileReference; lastKnownFileType = wrapper.framework; name = Sparkle.framework; path = "Sparkle-1.5b6-Framework/Sparkle.framework"; sourceTree = "<group>"; };
		09FFA50313E80E9F00E861CE /* dsa_pub.pem */ = {isa = PBXFileReference; fileEncoding = 4; lastKnownFileType = text; path = dsa_pub.pem; sourceTree = "<group>"; };
		09FFA50613E8196F00E861CE /* dmg_background.png */ = {isa = PBXFileReference; lastKnownFileType = image.png; path = dmg_background.png; sourceTree = "<group>"; };
		09FFA50713E8196F00E861CE /* Rakefile */ = {isa = PBXFileReference; fileEncoding = 4; lastKnownFileType = text; path = Rakefile; sourceTree = "<group>"; };
		09FFA50813E8196F00E861CE /* release_notes_template.html.erb */ = {isa = PBXFileReference; fileEncoding = 4; lastKnownFileType = text; path = release_notes_template.html.erb; sourceTree = "<group>"; };
		09FFA50913E8196F00E861CE /* release_notes.txt */ = {isa = PBXFileReference; fileEncoding = 4; lastKnownFileType = text; path = release_notes.txt; sourceTree = "<group>"; };
/* End PBXFileReference section */

/* Begin PBXFrameworksBuildPhase section */
		09571CDD13DC9DE90039286E /* Frameworks */ = {
			isa = PBXFrameworksBuildPhase;
			buildActionMask = 2147483647;
			files = (
				09571CE513DC9DE90039286E /* Cocoa.framework in Frameworks */,
				0911B1DC13DCB38300B1E511 /* Growl.framework in Frameworks */,
				09FFA50113E6F10500E861CE /* Sparkle.framework in Frameworks */,
			);
			runOnlyForDeploymentPostprocessing = 0;
		};
/* End PBXFrameworksBuildPhase section */

/* Begin PBXGroup section */
		0911B1E813DCC57D00B1E511 /* User Interface */ = {
			isa = PBXGroup;
			children = (
				0964069613DCC91B003762C0 /* MainMenu.xib */,
			);
			name = "User Interface";
			sourceTree = "<group>";
		};
		093C651813DCA0D90023FAE7 /* Classes */ = {
			isa = PBXGroup;
			children = (
				093C651A13DCA0F30023FAE7 /* GPSAssistAppDelegate.h */,
				093C651B13DCA0F30023FAE7 /* GPSAssistAppDelegate.m */,
				093C652613DCA1050023FAE7 /* MountsHandler.h */,
				093C652713DCA1050023FAE7 /* MountsHandler.m */,
				093C652413DCA1050023FAE7 /* Mount.h */,
				093C652513DCA1050023FAE7 /* Mount.m */,
				093C651C13DCA0F30023FAE7 /* GPSAssistDataHandler.h */,
				093C651D13DCA0F30023FAE7 /* GPSAssistDataHandler.m */,
				093C651E13DCA0F30023FAE7 /* GPSAssistDataHandlerDelegate.h */,
			);
			name = Classes;
			sourceTree = "<group>";
		};
		093C652A13DCA15A0023FAE7 /* Resources */ = {
			isa = PBXGroup;
			children = (
				09FFA50313E80E9F00E861CE /* dsa_pub.pem */,
				093C652D13DCA1730023FAE7 /* icon.icns */,
				093C652B13DCA1730023FAE7 /* gps_small.png */,
				093C652C13DCA1730023FAE7 /* gps.gif */,
				093C653113DCA1930023FAE7 /* Growl Registration Ticket.growlRegDict */,
			);
			name = Resources;
			sourceTree = "<group>";
		};
		09571CD513DC9DE90039286E = {
			isa = PBXGroup;
			children = (
				0911B1E813DCC57D00B1E511 /* User Interface */,
				093C651813DCA0D90023FAE7 /* Classes */,
				093C652A13DCA15A0023FAE7 /* Resources */,
				09571CEB13DC9DE90039286E /* Supporting Files */,
				09571CE313DC9DE90039286E /* Frameworks */,
				09571CE113DC9DE90039286E /* Products */,
			);
			sourceTree = "<group>";
		};
		09571CE113DC9DE90039286E /* Products */ = {
			isa = PBXGroup;
			children = (
				09571CE013DC9DE90039286E /* GPS Assist Updater.app */,
			);
			name = Products;
			sourceTree = "<group>";
		};
		09571CE313DC9DE90039286E /* Frameworks */ = {
			isa = PBXGroup;
			children = (
				09571CE413DC9DE90039286E /* Cocoa.framework */,
				0911B1DB13DCB38300B1E511 /* Growl.framework */,
				0987203613E6C8B7001AEC08 /* Sparkle.framework */,
				09571CE613DC9DE90039286E /* Other Frameworks */,
			);
			name = Frameworks;
			sourceTree = "<group>";
		};
		09571CE613DC9DE90039286E /* Other Frameworks */ = {
			isa = PBXGroup;
			children = (
				09571CE713DC9DE90039286E /* AppKit.framework */,
				09571CE813DC9DE90039286E /* CoreData.framework */,
				09571CE913DC9DE90039286E /* Foundation.framework */,
			);
			name = "Other Frameworks";
			sourceTree = "<group>";
		};
		09571CEB13DC9DE90039286E /* Supporting Files */ = {
			isa = PBXGroup;
			children = (
				09FFA50513E8195100E861CE /* ChocTop */,
				09571CEC13DC9DE90039286E /* GPS Assist Updater-Info.plist */,
				09571CED13DC9DE90039286E /* InfoPlist.strings */,
				09571CF013DC9DE90039286E /* main.m */,
				09571CF213DC9DE90039286E /* GPS Assist Updater-Prefix.pch */,
				09571CF313DC9DE90039286E /* Credits.rtf */,
			);
			name = "Supporting Files";
			path = "GPS Assist Updater";
			sourceTree = "<group>";
		};
		09FFA50513E8195100E861CE /* ChocTop */ = {
			isa = PBXGroup;
			children = (
				09FFA50613E8196F00E861CE /* dmg_background.png */,
				09FFA50713E8196F00E861CE /* Rakefile */,
				09FFA50813E8196F00E861CE /* release_notes_template.html.erb */,
				09FFA50913E8196F00E861CE /* release_notes.txt */,
			);
			name = ChocTop;
			path = ..;
			sourceTree = "<group>";
		};
/* End PBXGroup section */

/* Begin PBXNativeTarget section */
		09571CDF13DC9DE90039286E /* GPS Assist Updater */ = {
			isa = PBXNativeTarget;
			buildConfigurationList = 09571CFE13DC9DEA0039286E /* Build configuration list for PBXNativeTarget "GPS Assist Updater" */;
			buildPhases = (
				09571CDE13DC9DE90039286E /* Resources */,
				09571CDC13DC9DE90039286E /* Sources */,
				0911B1E213DCB40900B1E511 /* CopyFiles */,
				09571CDD13DC9DE90039286E /* Frameworks */,
			);
			buildRules = (
			);
			dependencies = (
			);
			name = "GPS Assist Updater";
			productName = "GPS Assist Updater";
			productReference = 09571CE013DC9DE90039286E /* GPS Assist Updater.app */;
			productType = "com.apple.product-type.application";
		};
/* End PBXNativeTarget section */

/* Begin PBXProject section */
		09571CD713DC9DE90039286E /* Project object */ = {
			isa = PBXProject;
			buildConfigurationList = 09571CDA13DC9DE90039286E /* Build configuration list for PBXProject "GPS Assist Updater" */;
			compatibilityVersion = "Xcode 3.2";
			developmentRegion = English;
			hasScannedForEncodings = 0;
			knownRegions = (
				en,
				fr,
				de,
				es,
				it,
				nl,
				ru,
				sv,
			);
			mainGroup = 09571CD513DC9DE90039286E;
			productRefGroup = 09571CE113DC9DE90039286E /* Products */;
			projectDirPath = "";
			projectRoot = "";
			targets = (
				09571CDF13DC9DE90039286E /* GPS Assist Updater */,
			);
		};
/* End PBXProject section */

/* Begin PBXResourcesBuildPhase section */
		09571CDE13DC9DE90039286E /* Resources */ = {
			isa = PBXResourcesBuildPhase;
			buildActionMask = 2147483647;
			files = (
				09571CEF13DC9DE90039286E /* InfoPlist.strings in Resources */,
				09571CF513DC9DE90039286E /* Credits.rtf in Resources */,
				093C652E13DCA1730023FAE7 /* gps_small.png in Resources */,
				093C652F13DCA1730023FAE7 /* gps.gif in Resources */,
				093C653013DCA1730023FAE7 /* icon.icns in Resources */,
				093C653213DCA1930023FAE7 /* Growl Registration Ticket.growlRegDict in Resources */,
				0964069413DCC91B003762C0 /* MainMenu.xib in Resources */,
				09FFA50413E80E9F00E861CE /* dsa_pub.pem in Resources */,
				09FFA50A13E8196F00E861CE /* dmg_background.png in Resources */,
				09FFA50B13E8196F00E861CE /* Rakefile in Resources */,
				09FFA50C13E8196F00E861CE /* release_notes_template.html.erb in Resources */,
				09FFA50D13E8196F00E861CE /* release_notes.txt in Resources */,
			);
			runOnlyForDeploymentPostprocessing = 0;
		};
/* End PBXResourcesBuildPhase section */

/* Begin PBXSourcesBuildPhase section */
		09571CDC13DC9DE90039286E /* Sources */ = {
			isa = PBXSourcesBuildPhase;
			buildActionMask = 2147483647;
			files = (
				09571CF113DC9DE90039286E /* main.m in Sources */,
				093C652113DCA0F30023FAE7 /* GPSAssistAppDelegate.m in Sources */,
				093C652213DCA0F30023FAE7 /* GPSAssistDataHandler.m in Sources */,
				093C652813DCA1050023FAE7 /* Mount.m in Sources */,
				093C652913DCA1050023FAE7 /* MountsHandler.m in Sources */,
			);
			runOnlyForDeploymentPostprocessing = 0;
		};
/* End PBXSourcesBuildPhase section */

/* Begin PBXVariantGroup section */
		09571CED13DC9DE90039286E /* InfoPlist.strings */ = {
			isa = PBXVariantGroup;
			children = (
				09571CEE13DC9DE90039286E /* en */,
			);
			name = InfoPlist.strings;
			sourceTree = "<group>";
		};
		09571CF313DC9DE90039286E /* Credits.rtf */ = {
			isa = PBXVariantGroup;
			children = (
				09571CF413DC9DE90039286E /* en */,
			);
			name = Credits.rtf;
			sourceTree = "<group>";
		};
		0964069613DCC91B003762C0 /* MainMenu.xib */ = {
			isa = PBXVariantGroup;
			children = (
				0964069513DCC91B003762C0 /* en */,
			);
			name = MainMenu.xib;
			sourceTree = "<group>";
		};
/* End PBXVariantGroup section */

/* Begin XCBuildConfiguration section */
		09571CFC13DC9DEA0039286E /* Debug */ = {
			isa = XCBuildConfiguration;
			buildSettings = {
				ALWAYS_SEARCH_USER_PATHS = NO;
				ARCHS = "$(ARCHS_STANDARD_64_BIT)";
				COPY_PHASE_STRIP = NO;
				GCC_C_LANGUAGE_STANDARD = gnu99;
				GCC_DYNAMIC_NO_PIC = NO;
				GCC_ENABLE_OBJC_EXCEPTIONS = YES;
				GCC_ENABLE_OBJC_GC = required;
				GCC_OPTIMIZATION_LEVEL = 0;
				GCC_PREPROCESSOR_DEFINITIONS = (
					"DEBUG=1",
					"$(inherited)",
				);
				GCC_SYMBOLS_PRIVATE_EXTERN = NO;
				GCC_VERSION = com.apple.compilers.llvm.clang.1_0;
				GCC_WARN_64_TO_32_BIT_CONVERSION = YES;
				GCC_WARN_ABOUT_MISSING_PROTOTYPES = YES;
				GCC_WARN_ABOUT_RETURN_TYPE = YES;
				GCC_WARN_UNUSED_VARIABLE = YES;
				MACOSX_DEPLOYMENT_TARGET = 10.7;
				ONLY_ACTIVE_ARCH = YES;
				SDKROOT = macosx;
			};
			name = Debug;
		};
		09571CFD13DC9DEA0039286E /* Release */ = {
			isa = XCBuildConfiguration;
			buildSettings = {
				ALWAYS_SEARCH_USER_PATHS = NO;
				ARCHS = "$(ARCHS_STANDARD_64_BIT)";
				COPY_PHASE_STRIP = YES;
				DEBUG_INFORMATION_FORMAT = "dwarf-with-dsym";
				GCC_C_LANGUAGE_STANDARD = gnu99;
				GCC_ENABLE_OBJC_EXCEPTIONS = YES;
				GCC_ENABLE_OBJC_GC = required;
				GCC_VERSION = com.apple.compilers.llvm.clang.1_0;
				GCC_WARN_64_TO_32_BIT_CONVERSION = YES;
				GCC_WARN_ABOUT_MISSING_PROTOTYPES = YES;
				GCC_WARN_ABOUT_RETURN_TYPE = YES;
				GCC_WARN_UNUSED_VARIABLE = YES;
				MACOSX_DEPLOYMENT_TARGET = 10.7;
				SDKROOT = macosx;
			};
			name = Release;
		};
		09571CFF13DC9DEA0039286E /* Debug */ = {
			isa = XCBuildConfiguration;
			buildSettings = {
				ARCHS = "$(ARCHS_STANDARD_64_BIT)";
				FRAMEWORK_SEARCH_PATHS = (
					"$(inherited)",
					"\"$(SRCROOT)\"",
					"\"$(SRCROOT)/Growl-1.2.1-Framework\"",
					"\"$(SRCROOT)/Sparkle-1.5b6-Framework\"",
				);
				GCC_ENABLE_OBJC_GC = unsupported;
				GCC_PRECOMPILE_PREFIX_HEADER = YES;
				GCC_PREFIX_HEADER = "GPS Assist Updater/GPS Assist Updater-Prefix.pch";
				INFOPLIST_FILE = "GPS Assist Updater/GPS Assist Updater-Info.plist";
				MACOSX_DEPLOYMENT_TARGET = 10.7;
				PRODUCT_NAME = "$(TARGET_NAME)";
				SDKROOT = macosx;
				WRAPPER_EXTENSION = app;
			};
			name = Debug;
		};
		09571D0013DC9DEA0039286E /* Release */ = {
			isa = XCBuildConfiguration;
			buildSettings = {
				ARCHS = "$(ARCHS_STANDARD_64_BIT)";
				FRAMEWORK_SEARCH_PATHS = (
					"$(inherited)",
					"\"$(SRCROOT)\"",
					"\"$(SRCROOT)/Growl-1.2.1-Framework\"",
					"\"$(SRCROOT)/Sparkle-1.5b6-Framework\"",
				);
				GCC_ENABLE_OBJC_GC = unsupported;
				GCC_PRECOMPILE_PREFIX_HEADER = YES;
				GCC_PREFIX_HEADER = "GPS Assist Updater/GPS Assist Updater-Prefix.pch";
				INFOPLIST_FILE = "GPS Assist Updater/GPS Assist Updater-Info.plist";
				MACOSX_DEPLOYMENT_TARGET = 10.7;
				PRODUCT_NAME = "$(TARGET_NAME)";
				SDKROOT = macosx;
				WRAPPER_EXTENSION = app;
			};
			name = Release;
		};
/* End XCBuildConfiguration section */

/* Begin XCConfigurationList section */
		09571CDA13DC9DE90039286E /* Build configuration list for PBXProject "GPS Assist Updater" */ = {
			isa = XCConfigurationList;
			buildConfigurations = (
				09571CFC13DC9DEA0039286E /* Debug */,
				09571CFD13DC9DEA0039286E /* Release */,
			);
			defaultConfigurationIsVisible = 0;
			defaultConfigurationName = Release;
		};
		09571CFE13DC9DEA0039286E /* Build configuration list for PBXNativeTarget "GPS Assist Updater" */ = {
			isa = XCConfigurationList;
			buildConfigurations = (
				09571CFF13DC9DEA0039286E /* Debug */,
				09571D0013DC9DEA0039286E /* Release */,
			);
			defaultConfigurationIsVisible = 0;
			defaultConfigurationName = Release;
		};
/* End XCConfigurationList section */
	};
	rootObject = 09571CD713DC9DE90039286E /* Project object */;
}
